// !$*UTF8*$!
{
	archiveVersion = 1;
	classes = {
	};
	objectVersion = 46;
	objects = {

/* Begin PBXBuildFile section */
		99A3B0A81DC9BA6E00A2DD31 /* Constant.swift in Sources */ = {isa = PBXBuildFile; fileRef = 99A3B0A71DC9BA6E00A2DD31 /* Constant.swift */; };
		99A3B0AA1DC9C55000A2DD31 /* Night.bundle in Resources */ = {isa = PBXBuildFile; fileRef = 99A3B0A91DC9C55000A2DD31 /* Night.bundle */; };
		99A3B0AC1DC9C56400A2DD31 /* Normal.bundle in Resources */ = {isa = PBXBuildFile; fileRef = 99A3B0AB1DC9C56400A2DD31 /* Normal.bundle */; };
		99A3B0AE1DC9C64C00A2DD31 /* UIColor+Extension.swift in Sources */ = {isa = PBXBuildFile; fileRef = 99A3B0AD1DC9C64C00A2DD31 /* UIColor+Extension.swift */; };
		99A3B0B11DC9EA8400A2DD31 /* SecondViewController.swift in Sources */ = {isa = PBXBuildFile; fileRef = 99A3B0B01DC9EA8400A2DD31 /* SecondViewController.swift */; };
		99ABBECD1DC98145002920EB /* AppDelegate.swift in Sources */ = {isa = PBXBuildFile; fileRef = 99ABBECC1DC98145002920EB /* AppDelegate.swift */; };
		99ABBECF1DC98145002920EB /* ViewController.swift in Sources */ = {isa = PBXBuildFile; fileRef = 99ABBECE1DC98145002920EB /* ViewController.swift */; };
		99ABBED21DC98145002920EB /* Main.storyboard in Resources */ = {isa = PBXBuildFile; fileRef = 99ABBED01DC98145002920EB /* Main.storyboard */; };
		99ABBED41DC98145002920EB /* Assets.xcassets in Resources */ = {isa = PBXBuildFile; fileRef = 99ABBED31DC98145002920EB /* Assets.xcassets */; };
		99ABBED71DC98145002920EB /* LaunchScreen.storyboard in Resources */ = {isa = PBXBuildFile; fileRef = 99ABBED51DC98145002920EB /* LaunchScreen.storyboard */; };
		99E7FC4E1DC9B94800901157 /* UIImage+Extension.swift in Sources */ = {isa = PBXBuildFile; fileRef = 99E7FC4D1DC9B94800901157 /* UIImage+Extension.swift */; };
/* End PBXBuildFile section */

/* Begin PBXFileReference section */
		99A3B0A71DC9BA6E00A2DD31 /* Constant.swift */ = {isa = PBXFileReference; fileEncoding = 4; lastKnownFileType = sourcecode.swift; path = Constant.swift; sourceTree = "<group>"; };
		99A3B0A91DC9C55000A2DD31 /* Night.bundle */ = {isa = PBXFileReference; lastKnownFileType = "wrapper.plug-in"; path = Night.bundle; sourceTree = "<group>"; };
		99A3B0AB1DC9C56400A2DD31 /* Normal.bundle */ = {isa = PBXFileReference; lastKnownFileType = "wrapper.plug-in"; name = Normal.bundle; path = ../Normal.bundle; sourceTree = "<group>"; };
		99A3B0AD1DC9C64C00A2DD31 /* UIColor+Extension.swift */ = {isa = PBXFileReference; fileEncoding = 4; lastKnownFileType = sourcecode.swift; path = "UIColor+Extension.swift"; sourceTree = "<group>"; };
		99A3B0B01DC9EA8400A2DD31 /* SecondViewController.swift */ = {isa = PBXFileReference; fileEncoding = 4; lastKnownFileType = sourcecode.swift; path = SecondViewController.swift; sourceTree = "<group>"; };
		99ABBEC91DC98145002920EB /* 夜间模式Test.app */ = {isa = PBXFileReference; explicitFileType = wrapper.application; includeInIndex = 0; path = "夜间模式Test.app"; sourceTree = BUILT_PRODUCTS_DIR; };
		99ABBECC1DC98145002920EB /* AppDelegate.swift */ = {isa = PBXFileReference; lastKnownFileType = sourcecode.swift; path = AppDelegate.swift; sourceTree = "<group>"; };
		99ABBECE1DC98145002920EB /* ViewController.swift */ = {isa = PBXFileReference; lastKnownFileType = sourcecode.swift; path = ViewController.swift; sourceTree = "<group>"; };
		99ABBED11DC98145002920EB /* Base */ = {isa = PBXFileReference; lastKnownFileType = file.storyboard; name = Base; path = Base.lproj/Main.storyboard; sourceTree = "<group>"; };
		99ABBED31DC98145002920EB /* Assets.xcassets */ = {isa = PBXFileReference; lastKnownFileType = folder.assetcatalog; path = Assets.xcassets; sourceTree = "<group>"; };
		99ABBED61DC98145002920EB /* Base */ = {isa = PBXFileReference; lastKnownFileType = file.storyboard; name = Base; path = Base.lproj/LaunchScreen.storyboard; sourceTree = "<group>"; };
		99ABBED81DC98145002920EB /* Info.plist */ = {isa = PBXFileReference; lastKnownFileType = text.plist.xml; path = Info.plist; sourceTree = "<group>"; };
		99E7FC4D1DC9B94800901157 /* UIImage+Extension.swift */ = {isa = PBXFileReference; fileEncoding = 4; lastKnownFileType = sourcecode.swift; path = "UIImage+Extension.swift"; sourceTree = "<group>"; };
/* End PBXFileReference section */

/* Begin PBXFrameworksBuildPhase section */
		99ABBEC61DC98145002920EB /* Frameworks */ = {
			isa = PBXFrameworksBuildPhase;
			buildActionMask = 2147483647;
			files = (
			);
			runOnlyForDeploymentPostprocessing = 0;
		};
/* End PBXFrameworksBuildPhase section */

/* Begin PBXGroup section */
		99A3B0AF1DC9E9C300A2DD31 /* extension */ = {
			isa = PBXGroup;
			children = (
				99E7FC4D1DC9B94800901157 /* UIImage+Extension.swift */,
				99A3B0AD1DC9C64C00A2DD31 /* UIColor+Extension.swift */,
			);
			name = extension;
			sourceTree = "<group>";
		};
		99ABBEC01DC98145002920EB = {
			isa = PBXGroup;
			children = (
				99ABBECB1DC98145002920EB /* 夜间模式Test */,
				99ABBECA1DC98145002920EB /* Products */,
			);
			sourceTree = "<group>";
		};
		99ABBECA1DC98145002920EB /* Products */ = {
			isa = PBXGroup;
			children = (
				99ABBEC91DC98145002920EB /* 夜间模式Test.app */,
			);
			name = Products;
			sourceTree = "<group>";
		};
		99ABBECB1DC98145002920EB /* 夜间模式Test */ = {
			isa = PBXGroup;
			children = (
				99ABBECC1DC98145002920EB /* AppDelegate.swift */,
				99ABBECE1DC98145002920EB /* ViewController.swift */,
				99A3B0B01DC9EA8400A2DD31 /* SecondViewController.swift */,
				99A3B0A71DC9BA6E00A2DD31 /* Constant.swift */,
				99A3B0AF1DC9E9C300A2DD31 /* extension */,
				99ABBED01DC98145002920EB /* Main.storyboard */,
				99ABBED31DC98145002920EB /* Assets.xcassets */,
				99ABBED51DC98145002920EB /* LaunchScreen.storyboard */,
				99ABBED81DC98145002920EB /* Info.plist */,
				99A3B0AB1DC9C56400A2DD31 /* Normal.bundle */,
				99A3B0A91DC9C55000A2DD31 /* Night.bundle */,
			);
			path = "夜间模式Test";
			sourceTree = "<group>";
		};
/* End PBXGroup section */

/* Begin PBXNativeTarget section */
		99ABBEC81DC98145002920EB /* 夜间模式Test */ = {
			isa = PBXNativeTarget;
			buildConfigurationList = 99ABBEDB1DC98145002920EB /* Build configuration list for PBXNativeTarget "夜间模式Test" */;
			buildPhases = (
				99ABBEC51DC98145002920EB /* Sources */,
				99ABBEC61DC98145002920EB /* Frameworks */,
				99ABBEC71DC98145002920EB /* Resources */,
			);
			buildRules = (
			);
			dependencies = (
			);
			name = "夜间模式Test";
			productName = "夜间模式Test";
			productReference = 99ABBEC91DC98145002920EB /* 夜间模式Test.app */;
			productType = "com.apple.product-type.application";
		};
/* End PBXNativeTarget section */

/* Begin PBXProject section */
		99ABBEC11DC98145002920EB /* Project object */ = {
			isa = PBXProject;
			attributes = {
				LastSwiftUpdateCheck = 0810;
				LastUpgradeCheck = 0810;
				ORGANIZATIONNAME = "秦兴华";
				TargetAttributes = {
					99ABBEC81DC98145002920EB = {
						CreatedOnToolsVersion = 8.1;
						LastSwiftMigration = 0810;
						ProvisioningStyle = Automatic;
					};
				};
			};
			buildConfigurationList = 99ABBEC41DC98145002920EB /* Build configuration list for PBXProject "夜间模式Test" */;
			compatibilityVersion = "Xcode 3.2";
			developmentRegion = English;
			hasScannedForEncodings = 0;
			knownRegions = (
				en,
				Base,
			);
			mainGroup = 99ABBEC01DC98145002920EB;
			productRefGroup = 99ABBECA1DC98145002920EB /* Products */;
			projectDirPath = "";
			projectRoot = "";
			targets = (
				99ABBEC81DC98145002920EB /* 夜间模式Test */,
			);
		};
/* End PBXProject section */

/* Begin PBXResourcesBuildPhase section */
		99ABBEC71DC98145002920EB /* Resources */ = {
			isa = PBXResourcesBuildPhase;
			buildActionMask = 2147483647;
			files = (
				99ABBED71DC98145002920EB /* LaunchScreen.storyboard in Resources */,
				99A3B0AC1DC9C56400A2DD31 /* Normal.bundle in Resources */,
				99ABBED41DC98145002920EB /* Assets.xcassets in Resources */,
				99A3B0AA1DC9C55000A2DD31 /* Night.bundle in Resources */,
				99ABBED21DC98145002920EB /* Main.storyboard in Resources */,
			);
			runOnlyForDeploymentPostprocessing = 0;
		};
/* End PBXResourcesBuildPhase section */

/* Begin PBXSourcesBuildPhase section */
		99ABBEC51DC98145002920EB /* Sources */ = {
			isa = PBXSourcesBuildPhase;
			buildActionMask = 2147483647;
			files = (
				99A3B0B11DC9EA8400A2DD31 /* SecondViewController.swift in Sources */,
				99E7FC4E1DC9B94800901157 /* UIImage+Extension.swift in Sources */,
				99ABBECF1DC98145002920EB /* ViewController.swift in Sources */,
				99ABBECD1DC98145002920EB /* AppDelegate.swift in Sources */,
				99A3B0A81DC9BA6E00A2DD31 /* Constant.swift in Sources */,
				99A3B0AE1DC9C64C00A2DD31 /* UIColor+Extension.swift in Sources */,
			);
			runOnlyForDeploymentPostprocessing = 0;
		};
/* End PBXSourcesBuildPhase section */

/* Begin PBXVariantGroup section */
		99ABBED01DC98145002920EB /* Main.storyboard */ = {
			isa = PBXVariantGroup;
			children = (
				99ABBED11DC98145002920EB /* Base */,
			);
			name = Main.storyboard;
			sourceTree = "<group>";
		};
		99ABBED51DC98145002920EB /* LaunchScreen.storyboard */ = {
			isa = PBXVariantGroup;
			children = (
				99ABBED61DC98145002920EB /* Base */,
			);
			name = LaunchScreen.storyboard;
			sourceTree = "<group>";
		};
/* End PBXVariantGroup section */

/* Begin XCBuildConfiguration section */
		99ABBED91DC98145002920EB /* Debug */ = {
			isa = XCBuildConfiguration;
			buildSettings = {
				ALWAYS_SEARCH_USER_PATHS = NO;
				CLANG_ANALYZER_NONNULL = YES;
				CLANG_CXX_LANGUAGE_STANDARD = "gnu++0x";
				CLANG_CXX_LIBRARY = "libc++";
				CLANG_ENABLE_MODULES = YES;
				CLANG_ENABLE_OBJC_ARC = YES;
				CLANG_WARN_BOOL_CONVERSION = YES;
				CLANG_WARN_CONSTANT_CONVERSION = YES;
				CLANG_WARN_DIRECT_OBJC_ISA_USAGE = YES_ERROR;
				CLANG_WARN_DOCUMENTATION_COMMENTS = YES;
				CLANG_WARN_EMPTY_BODY = YES;
				CLANG_WARN_ENUM_CONVERSION = YES;
				CLANG_WARN_INFINITE_RECURSION = YES;
				CLANG_WARN_INT_CONVERSION = YES;
				CLANG_WARN_OBJC_ROOT_CLASS = YES_ERROR;
				CLANG_WARN_SUSPICIOUS_MOVES = YES;
				CLANG_WARN_UNREACHABLE_CODE = YES;
				CLANG_WARN__DUPLICATE_METHOD_MATCH = YES;
				"CODE_SIGN_IDENTITY[sdk=iphoneos*]" = "iPhone Developer";
				COPY_PHASE_STRIP = NO;
				DEBUG_INFORMATION_FORMAT = dwarf;
				ENABLE_STRICT_OBJC_MSGSEND = YES;
				ENABLE_TESTABILITY = YES;
				GCC_C_LANGUAGE_STANDARD = gnu99;
				GCC_DYNAMIC_NO_PIC = NO;
				GCC_NO_COMMON_BLOCKS = YES;
				GCC_OPTIMIZATION_LEVEL = 0;
				GCC_PREPROCESSOR_DEFINITIONS = (
					"DEBUG=1",
					"$(inherited)",
				);
				GCC_WARN_64_TO_32_BIT_CONVERSION = YES;
				GCC_WARN_ABOUT_RETURN_TYPE = YES_ERROR;
				GCC_WARN_UNDECLARED_SELECTOR = YES;
				GCC_WARN_UNINITIALIZED_AUTOS = YES_AGGRESSIVE;
				GCC_WARN_UNUSED_FUNCTION = YES;
				GCC_WARN_UNUSED_VARIABLE = YES;
				IPHONEOS_DEPLOYMENT_TARGET = 10.1;
				MTL_ENABLE_DEBUG_INFO = YES;
				ONLY_ACTIVE_ARCH = YES;
				SDKROOT = iphoneos;
				SWIFT_ACTIVE_COMPILATION_CONDITIONS = DEBUG;
				SWIFT_OPTIMIZATION_LEVEL = "-Onone";
				TARGETED_DEVICE_FAMILY = "1,2";
			};
			name = Debug;
		};
		99ABBEDA1DC98145002920EB /* Release */ = {
			isa = XCBuildConfiguration;
			buildSettings = {
				ALWAYS_SEARCH_USER_PATHS = NO;
				CLANG_ANALYZER_NONNULL = YES;
				CLANG_CXX_LANGUAGE_STANDARD = "gnu++0x";
				CLANG_CXX_LIBRARY = "libc++";
				CLANG_ENABLE_MODULES = YES;
				CLANG_ENABLE_OBJC_ARC = YES;
				CLANG_WARN_BOOL_CONVERSION = YES;
				CLANG_WARN_CONSTANT_CONVERSION = YES;
				CLANG_WARN_DIRECT_OBJC_ISA_USAGE = YES_ERROR;
				CLANG_WARN_DOCUMENTATION_COMMENTS = YES;
				CLANG_WARN_EMPTY_BODY = YES;
				CLANG_WARN_ENUM_CONVERSION = YES;
				CLANG_WARN_INFINITE_RECURSION = YES;
				CLANG_WARN_INT_CONVERSION = YES;
				CLANG_WARN_OBJC_ROOT_CLASS = YES_ERROR;
				CLANG_WARN_SUSPICIOUS_MOVES = YES;
				CLANG_WARN_UNREACHABLE_CODE = YES;
				CLANG_WARN__DUPLICATE_METHOD_MATCH = YES;
				"CODE_SIGN_IDENTITY[sdk=iphoneos*]" = "iPhone Developer";
				COPY_PHASE_STRIP = NO;
				DEBUG_INFORMATION_FORMAT = "dwarf-with-dsym";
				ENABLE_NS_ASSERTIONS = NO;
				ENABLE_STRICT_OBJC_MSGSEND = YES;
				GCC_C_LANGUAGE_STANDARD = gnu99;
				GCC_NO_COMMON_BLOCKS = YES;
				GCC_WARN_64_TO_32_BIT_CONVERSION = YES;
				GCC_WARN_ABOUT_RETURN_TYPE = YES_ERROR;
				GCC_WARN_UNDECLARED_SELECTOR = YES;
				GCC_WARN_UNINITIALIZED_AUTOS = YES_AGGRESSIVE;
				GCC_WARN_UNUSED_FUNCTION = YES;
				GCC_WARN_UNUSED_VARIABLE = YES;
				IPHONEOS_DEPLOYMENT_TARGET = 10.1;
				MTL_ENABLE_DEBUG_INFO = NO;
				SDKROOT = iphoneos;
				SWIFT_OPTIMIZATION_LEVEL = "-Owholemodule";
				TARGETED_DEVICE_FAMILY = "1,2";
				VALIDATE_PRODUCT = YES;
			};
			name = Release;
		};
		99ABBEDC1DC98145002920EB /* Debug */ = {
			isa = XCBuildConfiguration;
			buildSettings = {
				ASSETCATALOG_COMPILER_APPICON_NAME = AppIcon;
				INFOPLIST_FILE = "夜间模式Test/Info.plist";
				LD_RUNPATH_SEARCH_PATHS = "$(inherited) @executable_path/Frameworks";
				PRODUCT_BUNDLE_IDENTIFIER = "com.qinxinghua.----Test";
				PRODUCT_NAME = "$(TARGET_NAME)";
				SWIFT_VERSION = 3.0;
			};
			name = Debug;
		};
		99ABBEDD1DC98145002920EB /* Release */ = {
			isa = XCBuildConfiguration;
			buildSettings = {
				ASSETCATALOG_COMPILER_APPICON_NAME = AppIcon;
				INFOPLIST_FILE = "夜间模式Test/Info.plist";
				LD_RUNPATH_SEARCH_PATHS = "$(inherited) @executable_path/Frameworks";
				PRODUCT_BUNDLE_IDENTIFIER = "com.qinxinghua.----Test";
				PRODUCT_NAME = "$(TARGET_NAME)";
				SWIFT_VERSION = 3.0;
			};
			name = Release;
		};
/* End XCBuildConfiguration section */

/* Begin XCConfigurationList section */
		99ABBEC41DC98145002920EB /* Build configuration list for PBXProject "夜间模式Test" */ = {
			isa = XCConfigurationList;
			buildConfigurations = (
				99ABBED91DC98145002920EB /* Debug */,
				99ABBEDA1DC98145002920EB /* Release */,
			);
			defaultConfigurationIsVisible = 0;
			defaultConfigurationName = Release;
		};
		99ABBEDB1DC98145002920EB /* Build configuration list for PBXNativeTarget "夜间模式Test" */ = {
			isa = XCConfigurationList;
			buildConfigurations = (
				99ABBEDC1DC98145002920EB /* Debug */,
				99ABBEDD1DC98145002920EB /* Release */,
			);
			defaultConfigurationIsVisible = 0;
			defaultConfigurationName = Release;
		};
/* End XCConfigurationList section */
	};
	rootObject = 99ABBEC11DC98145002920EB /* Project object */;
}
